
Microsoft Visual Studio Solution File, Format Version 12.00
# Visual Studio 15
VisualStudioVersion = 15.0.28307.438
MinimumVisualStudioVersion = 10.0.40219.1
Project("{FAE04EC0-301F-11D3-BF4B-00C04F79EFBC}") = "RetailSoft", "RetailSoft\RetailSoft.csproj", "{3F56AEFB-ACD6-4043-B5BC-0F99F9591A69}"
EndProject
Global
	GlobalSection(SolutionConfigurationPlatforms) = preSolution
		Debug|Any CPU = Debug|Any CPU
		Release|Any CPU = Release|Any CPU
	EndGlobalSection
	GlobalSection(ProjectConfigurationPlatforms) = postSolution
		{3F56AEFB-ACD6-4043-B5BC-0F99F9591A69}.Debug|Any CPU.ActiveCfg = Debug|Any CPU
		{3F56AEFB-ACD6-4043-B5BC-0F99F9591A69}.Debug|Any CPU.Build.0 = Debug|Any CPU
		{3F56AEFB-ACD6-4043-B5BC-0F99F9591A69}.Release|Any CPU.ActiveCfg = Release|Any CPU
		{3F56AEFB-ACD6-4043-B5BC-0F99F9591A69}.Release|Any CPU.Build.0 = Release|Any CPU
	EndGlobalSection
	GlobalSection(SolutionProperties) = preSolution
		HideSolutionNode = FALSE
	EndGlobalSection
	GlobalSection(ExtensibilityGlobals) = postSolution
		SolutionGuid = {6962F924-E545-4542-AB5A-0CF20054A7EA}
	EndGlobalSection
EndGlobal
